
Microsoft Visual Studio Solution File, Format Version 12.00
# Visual Studio Version 17
VisualStudioVersion = 17.12.35527.113 d17.12
MinimumVisualStudioVersion = 10.0.40219.1
Project("{FAE04EC0-301F-11D3-BF4B-00C04F79EFBC}") = "CoreDemo", "CoreDemo\CoreDemo.csproj", "{7E978EF8-DF48-418D-AA4D-AADC4C8FE724}"
EndProject
Project("{FAE04EC0-301F-11D3-BF4B-00C04F79EFBC}") = "EntityLayer", "EntityLayer\EntityLayer.csproj", "{86F66EB5-7263-4D6D-AC72-AC836DD3F6E5}"
EndProject
Project("{FAE04EC0-301F-11D3-BF4B-00C04F79EFBC}") = "DataAccessLayer", "DataAccessLayer\DataAccessLayer.csproj", "{D9214A04-BD3E-472C-8987-99147AAACF55}"
EndProject
Project("{FAE04EC0-301F-11D3-BF4B-00C04F79EFBC}") = "BusinessLayer", "BusinessLayer\BusinessLayer.csproj", "{12133E3D-8308-4747-881D-89A21283E97F}"
EndProject
Project("{FAE04EC0-301F-11D3-BF4B-00C04F79EFBC}") = "CoreLayer", "CoreLayer\CoreLayer.csproj", "{AD5E28F9-6CD2-4AD7-9F73-BEB0F243ACAA}"
EndProject
Global
	GlobalSection(SolutionConfigurationPlatforms) = preSolution
		Debug|Any CPU = Debug|Any CPU
		Release|Any CPU = Release|Any CPU
	EndGlobalSection
	GlobalSection(ProjectConfigurationPlatforms) = postSolution
		{7E978EF8-DF48-418D-AA4D-AADC4C8FE724}.Debug|Any CPU.ActiveCfg = Debug|Any CPU
		{7E978EF8-DF48-418D-AA4D-AADC4C8FE724}.Debug|Any CPU.Build.0 = Debug|Any CPU
		{7E978EF8-DF48-418D-AA4D-AADC4C8FE724}.Release|Any CPU.ActiveCfg = Release|Any CPU
		{7E978EF8-DF48-418D-AA4D-AADC4C8FE724}.Release|Any CPU.Build.0 = Release|Any CPU
		{86F66EB5-7263-4D6D-AC72-AC836DD3F6E5}.Debug|Any CPU.ActiveCfg = Debug|Any CPU
		{86F66EB5-7263-4D6D-AC72-AC836DD3F6E5}.Debug|Any CPU.Build.0 = Debug|Any CPU
		{86F66EB5-7263-4D6D-AC72-AC836DD3F6E5}.Release|Any CPU.ActiveCfg = Release|Any CPU
		{86F66EB5-7263-4D6D-AC72-AC836DD3F6E5}.Release|Any CPU.Build.0 = Release|Any CPU
		{D9214A04-BD3E-472C-8987-99147AAACF55}.Debug|Any CPU.ActiveCfg = Debug|Any CPU
		{D9214A04-BD3E-472C-8987-99147AAACF55}.Debug|Any CPU.Build.0 = Debug|Any CPU
		{D9214A04-BD3E-472C-8987-99147AAACF55}.Release|Any CPU.ActiveCfg = Release|Any CPU
		{D9214A04-BD3E-472C-8987-99147AAACF55}.Release|Any CPU.Build.0 = Release|Any CPU
		{12133E3D-8308-4747-881D-89A21283E97F}.Debug|Any CPU.ActiveCfg = Debug|Any CPU
		{12133E3D-8308-4747-881D-89A21283E97F}.Debug|Any CPU.Build.0 = Debug|Any CPU
		{12133E3D-8308-4747-881D-89A21283E97F}.Release|Any CPU.ActiveCfg = Release|Any CPU
		{12133E3D-8308-4747-881D-89A21283E97F}.Release|Any CPU.Build.0 = Release|Any CPU
		{AD5E28F9-6CD2-4AD7-9F73-BEB0F243ACAA}.Debug|Any CPU.ActiveCfg = Debug|Any CPU
		{AD5E28F9-6CD2-4AD7-9F73-BEB0F243ACAA}.Debug|Any CPU.Build.0 = Debug|Any CPU
		{AD5E28F9-6CD2-4AD7-9F73-BEB0F243ACAA}.Release|Any CPU.ActiveCfg = Release|Any CPU
		{AD5E28F9-6CD2-4AD7-9F73-BEB0F243ACAA}.Release|Any CPU.Build.0 = Release|Any CPU
	EndGlobalSection
	GlobalSection(SolutionProperties) = preSolution
		HideSolutionNode = FALSE
	EndGlobalSection
EndGlobal
